
Microsoft Visual Studio Solution File, Format Version 12.00
# Visual Studio Version 17
VisualStudioVersion = 17.3.32804.467
MinimumVisualStudioVersion = 10.0.40219.1
Project("{FAE04EC0-301F-11D3-BF4B-00C04F79EFBC}") = "BethanyPieShop", "BethanyPieShop\BethanyPieShop.csproj", "{F8429DE8-3B46-4E1A-9E03-2B4698BF8AAC}"
EndProject
Global
	GlobalSection(SolutionConfigurationPlatforms) = preSolution
		Debug|Any CPU = Debug|Any CPU
		Release|Any CPU = Release|Any CPU
	EndGlobalSection
	GlobalSection(ProjectConfigurationPlatforms) = postSolution
		{F8429DE8-3B46-4E1A-9E03-2B4698BF8AAC}.Debug|Any CPU.ActiveCfg = Debug|Any CPU
		{F8429DE8-3B46-4E1A-9E03-2B4698BF8AAC}.Debug|Any CPU.Build.0 = Debug|Any CPU
		{F8429DE8-3B46-4E1A-9E03-2B4698BF8AAC}.Release|Any CPU.ActiveCfg = Release|Any CPU
		{F8429DE8-3B46-4E1A-9E03-2B4698BF8AAC}.Release|Any CPU.Build.0 = Release|Any CPU
	EndGlobalSection
	GlobalSection(SolutionProperties) = preSolution
		HideSolutionNode = FALSE
	EndGlobalSection
	GlobalSection(ExtensibilityGlobals) = postSolution
		SolutionGuid = {106BD0B1-3DB3-4068-B1C1-1ABE273ED120}
	EndGlobalSection
EndGlobal
